// !$*UTF8*$!
{
	archiveVersion = 1;
	classes = {
	};
	objectVersion = 50;
	objects = {

/* Begin PBXBuildFile section */
		049EC6CE25CAD1B0007736A8 /* AppDelegate.swift in Sources */ = {isa = PBXBuildFile; fileRef = 049EC6CD25CAD1B0007736A8 /* AppDelegate.swift */; };
		049EC6D025CAD1B0007736A8 /* SceneDelegate.swift in Sources */ = {isa = PBXBuildFile; fileRef = 049EC6CF25CAD1B0007736A8 /* SceneDelegate.swift */; };
		049EC6D225CAD1B0007736A8 /* AuthViewController.swift in Sources */ = {isa = PBXBuildFile; fileRef = 049EC6D125CAD1B0007736A8 /* AuthViewController.swift */; };
		049EC6D525CAD1B0007736A8 /* Main.storyboard in Resources */ = {isa = PBXBuildFile; fileRef = 049EC6D325CAD1B0007736A8 /* Main.storyboard */; };
		049EC6D725CAD1B5007736A8 /* Assets.xcassets in Resources */ = {isa = PBXBuildFile; fileRef = 049EC6D625CAD1B5007736A8 /* Assets.xcassets */; };
		049EC6DA25CAD1B5007736A8 /* LaunchScreen.storyboard in Resources */ = {isa = PBXBuildFile; fileRef = 049EC6D825CAD1B5007736A8 /* LaunchScreen.storyboard */; };
		049EC6E425CAD255007736A8 /* StatusViewController.swift in Sources */ = {isa = PBXBuildFile; fileRef = 049EC6E325CAD255007736A8 /* StatusViewController.swift */; };
		04C2796425CBDDE7003B8F9D /* Protocols.swift in Sources */ = {isa = PBXBuildFile; fileRef = 04C2796325CBDDE7003B8F9D /* Protocols.swift */; };
/* End PBXBuildFile section */

/* Begin PBXFileReference section */
		049EC6CA25CAD1B0007736A8 /* AuthVC-StatusVC-Homework.app */ = {isa = PBXFileReference; explicitFileType = wrapper.application; includeInIndex = 0; path = "AuthVC-StatusVC-Homework.app"; sourceTree = BUILT_PRODUCTS_DIR; };
		049EC6CD25CAD1B0007736A8 /* AppDelegate.swift */ = {isa = PBXFileReference; lastKnownFileType = sourcecode.swift; path = AppDelegate.swift; sourceTree = "<group>"; };
		049EC6CF25CAD1B0007736A8 /* SceneDelegate.swift */ = {isa = PBXFileReference; lastKnownFileType = sourcecode.swift; path = SceneDelegate.swift; sourceTree = "<group>"; };
		049EC6D125CAD1B0007736A8 /* AuthViewController.swift */ = {isa = PBXFileReference; lastKnownFileType = sourcecode.swift; path = AuthViewController.swift; sourceTree = "<group>"; };
		049EC6D425CAD1B0007736A8 /* Base */ = {isa = PBXFileReference; lastKnownFileType = file.storyboard; name = Base; path = Base.lproj/Main.storyboard; sourceTree = "<group>"; };
		049EC6D625CAD1B5007736A8 /* Assets.xcassets */ = {isa = PBXFileReference; lastKnownFileType = folder.assetcatalog; path = Assets.xcassets; sourceTree = "<group>"; };
		049EC6D925CAD1B5007736A8 /* Base */ = {isa = PBXFileReference; lastKnownFileType = file.storyboard; name = Base; path = Base.lproj/LaunchScreen.storyboard; sourceTree = "<group>"; };
		049EC6DB25CAD1B5007736A8 /* Info.plist */ = {isa = PBXFileReference; lastKnownFileType = text.plist.xml; path = Info.plist; sourceTree = "<group>"; };
		049EC6E325CAD255007736A8 /* StatusViewController.swift */ = {isa = PBXFileReference; lastKnownFileType = sourcecode.swift; path = StatusViewController.swift; sourceTree = "<group>"; };
		04C2796325CBDDE7003B8F9D /* Protocols.swift */ = {isa = PBXFileReference; lastKnownFileType = sourcecode.swift; path = Protocols.swift; sourceTree = "<group>"; };
/* End PBXFileReference section */

/* Begin PBXFrameworksBuildPhase section */
		049EC6C725CAD1B0007736A8 /* Frameworks */ = {
			isa = PBXFrameworksBuildPhase;
			buildActionMask = 2147483647;
			files = (
			);
			runOnlyForDeploymentPostprocessing = 0;
		};
/* End PBXFrameworksBuildPhase section */

/* Begin PBXGroup section */
		049EC6C125CAD1B0007736A8 = {
			isa = PBXGroup;
			children = (
				049EC6CC25CAD1B0007736A8 /* AuthVC-StatusVC-Homework */,
				049EC6CB25CAD1B0007736A8 /* Products */,
			);
			sourceTree = "<group>";
		};
		049EC6CB25CAD1B0007736A8 /* Products */ = {
			isa = PBXGroup;
			children = (
				049EC6CA25CAD1B0007736A8 /* AuthVC-StatusVC-Homework.app */,
			);
			name = Products;
			sourceTree = "<group>";
		};
		049EC6CC25CAD1B0007736A8 /* AuthVC-StatusVC-Homework */ = {
			isa = PBXGroup;
			children = (
				049EC6E625CAD26E007736A8 /* ViewControllers */,
				04C2796325CBDDE7003B8F9D /* Protocols.swift */,
				049EC6CD25CAD1B0007736A8 /* AppDelegate.swift */,
				049EC6CF25CAD1B0007736A8 /* SceneDelegate.swift */,
				049EC6D325CAD1B0007736A8 /* Main.storyboard */,
				049EC6D625CAD1B5007736A8 /* Assets.xcassets */,
				049EC6D825CAD1B5007736A8 /* LaunchScreen.storyboard */,
				049EC6DB25CAD1B5007736A8 /* Info.plist */,
			);
			path = "AuthVC-StatusVC-Homework";
			sourceTree = "<group>";
		};
		049EC6E625CAD26E007736A8 /* ViewControllers */ = {
			isa = PBXGroup;
			children = (
				049EC6D125CAD1B0007736A8 /* AuthViewController.swift */,
				049EC6E325CAD255007736A8 /* StatusViewController.swift */,
			);
			name = ViewControllers;
			sourceTree = "<group>";
		};
/* End PBXGroup section */

/* Begin PBXNativeTarget section */
		049EC6C925CAD1B0007736A8 /* AuthVC-StatusVC-Homework */ = {
			isa = PBXNativeTarget;
			buildConfigurationList = 049EC6DE25CAD1B5007736A8 /* Build configuration list for PBXNativeTarget "AuthVC-StatusVC-Homework" */;
			buildPhases = (
				049EC6C625CAD1B0007736A8 /* Sources */,
				049EC6C725CAD1B0007736A8 /* Frameworks */,
				049EC6C825CAD1B0007736A8 /* Resources */,
			);
			buildRules = (
			);
			dependencies = (
			);
			name = "AuthVC-StatusVC-Homework";
			productName = "AuthVC-StatusVC-Homework";
			productReference = 049EC6CA25CAD1B0007736A8 /* AuthVC-StatusVC-Homework.app */;
			productType = "com.apple.product-type.application";
		};
/* End PBXNativeTarget section */

/* Begin PBXProject section */
		049EC6C225CAD1B0007736A8 /* Project object */ = {
			isa = PBXProject;
			attributes = {
				LastSwiftUpdateCheck = 1230;
				LastUpgradeCheck = 1230;
				TargetAttributes = {
					049EC6C925CAD1B0007736A8 = {
						CreatedOnToolsVersion = 12.3;
					};
				};
			};
			buildConfigurationList = 049EC6C525CAD1B0007736A8 /* Build configuration list for PBXProject "AuthVC-StatusVC-Homework" */;
			compatibilityVersion = "Xcode 9.3";
			developmentRegion = en;
			hasScannedForEncodings = 0;
			knownRegions = (
				en,
				Base,
			);
			mainGroup = 049EC6C125CAD1B0007736A8;
			productRefGroup = 049EC6CB25CAD1B0007736A8 /* Products */;
			projectDirPath = "";
			projectRoot = "";
			targets = (
				049EC6C925CAD1B0007736A8 /* AuthVC-StatusVC-Homework */,
			);
		};
/* End PBXProject section */

/* Begin PBXResourcesBuildPhase section */
		049EC6C825CAD1B0007736A8 /* Resources */ = {
			isa = PBXResourcesBuildPhase;
			buildActionMask = 2147483647;
			files = (
				049EC6DA25CAD1B5007736A8 /* LaunchScreen.storyboard in Resources */,
				049EC6D725CAD1B5007736A8 /* Assets.xcassets in Resources */,
				049EC6D525CAD1B0007736A8 /* Main.storyboard in Resources */,
			);
			runOnlyForDeploymentPostprocessing = 0;
		};
/* End PBXResourcesBuildPhase section */

/* Begin PBXSourcesBuildPhase section */
		049EC6C625CAD1B0007736A8 /* Sources */ = {
			isa = PBXSourcesBuildPhase;
			buildActionMask = 2147483647;
			files = (
				04C2796425CBDDE7003B8F9D /* Protocols.swift in Sources */,
				049EC6E425CAD255007736A8 /* StatusViewController.swift in Sources */,
				049EC6D225CAD1B0007736A8 /* AuthViewController.swift in Sources */,
				049EC6CE25CAD1B0007736A8 /* AppDelegate.swift in Sources */,
				049EC6D025CAD1B0007736A8 /* SceneDelegate.swift in Sources */,
			);
			runOnlyForDeploymentPostprocessing = 0;
		};
/* End PBXSourcesBuildPhase section */

/* Begin PBXVariantGroup section */
		049EC6D325CAD1B0007736A8 /* Main.storyboard */ = {
			isa = PBXVariantGroup;
			children = (
				049EC6D425CAD1B0007736A8 /* Base */,
			);
			name = Main.storyboard;
			sourceTree = "<group>";
		};
		049EC6D825CAD1B5007736A8 /* LaunchScreen.storyboard */ = {
			isa = PBXVariantGroup;
			children = (
				049EC6D925CAD1B5007736A8 /* Base */,
			);
			name = LaunchScreen.storyboard;
			sourceTree = "<group>";
		};
/* End PBXVariantGroup section */

/* Begin XCBuildConfiguration section */
		049EC6DC25CAD1B5007736A8 /* Debug */ = {
			isa = XCBuildConfiguration;
			buildSettings = {
				ALWAYS_SEARCH_USER_PATHS = NO;
				CLANG_ANALYZER_NONNULL = YES;
				CLANG_ANALYZER_NUMBER_OBJECT_CONVERSION = YES_AGGRESSIVE;
				CLANG_CXX_LANGUAGE_STANDARD = "gnu++14";
				CLANG_CXX_LIBRARY = "libc++";
				CLANG_ENABLE_MODULES = YES;
				CLANG_ENABLE_OBJC_ARC = YES;
				CLANG_ENABLE_OBJC_WEAK = YES;
				CLANG_WARN_BLOCK_CAPTURE_AUTORELEASING = YES;
				CLANG_WARN_BOOL_CONVERSION = YES;
				CLANG_WARN_COMMA = YES;
				CLANG_WARN_CONSTANT_CONVERSION = YES;
				CLANG_WARN_DEPRECATED_OBJC_IMPLEMENTATIONS = YES;
				CLANG_WARN_DIRECT_OBJC_ISA_USAGE = YES_ERROR;
				CLANG_WARN_DOCUMENTATION_COMMENTS = YES;
				CLANG_WARN_EMPTY_BODY = YES;
				CLANG_WARN_ENUM_CONVERSION = YES;
				CLANG_WARN_INFINITE_RECURSION = YES;
				CLANG_WARN_INT_CONVERSION = YES;
				CLANG_WARN_NON_LITERAL_NULL_CONVERSION = YES;
				CLANG_WARN_OBJC_IMPLICIT_RETAIN_SELF = YES;
				CLANG_WARN_OBJC_LITERAL_CONVERSION = YES;
				CLANG_WARN_OBJC_ROOT_CLASS = YES_ERROR;
				CLANG_WARN_QUOTED_INCLUDE_IN_FRAMEWORK_HEADER = YES;
				CLANG_WARN_RANGE_LOOP_ANALYSIS = YES;
				CLANG_WARN_STRICT_PROTOTYPES = YES;
				CLANG_WARN_SUSPICIOUS_MOVE = YES;
				CLANG_WARN_UNGUARDED_AVAILABILITY = YES_AGGRESSIVE;
				CLANG_WARN_UNREACHABLE_CODE = YES;
				CLANG_WARN__DUPLICATE_METHOD_MATCH = YES;
				COPY_PHASE_STRIP = NO;
				DEBUG_INFORMATION_FORMAT = dwarf;
				ENABLE_STRICT_OBJC_MSGSEND = YES;
				ENABLE_TESTABILITY = YES;
				GCC_C_LANGUAGE_STANDARD = gnu11;
				GCC_DYNAMIC_NO_PIC = NO;
				GCC_NO_COMMON_BLOCKS = YES;
				GCC_OPTIMIZATION_LEVEL = 0;
				GCC_PREPROCESSOR_DEFINITIONS = (
					"DEBUG=1",
					"$(inherited)",
				);
				GCC_WARN_64_TO_32_BIT_CONVERSION = YES;
				GCC_WARN_ABOUT_RETURN_TYPE = YES_ERROR;
				GCC_WARN_UNDECLARED_SELECTOR = YES;
				GCC_WARN_UNINITIALIZED_AUTOS = YES_AGGRESSIVE;
				GCC_WARN_UNUSED_FUNCTION = YES;
				GCC_WARN_UNUSED_VARIABLE = YES;
				IPHONEOS_DEPLOYMENT_TARGET = 14.3;
				MTL_ENABLE_DEBUG_INFO = INCLUDE_SOURCE;
				MTL_FAST_MATH = YES;
				ONLY_ACTIVE_ARCH = YES;
				SDKROOT = iphoneos;
				SWIFT_ACTIVE_COMPILATION_CONDITIONS = DEBUG;
				SWIFT_OPTIMIZATION_LEVEL = "-Onone";
			};
			name = Debug;
		};
		049EC6DD25CAD1B5007736A8 /* Release */ = {
			isa = XCBuildConfiguration;
			buildSettings = {
				ALWAYS_SEARCH_USER_PATHS = NO;
				CLANG_ANALYZER_NONNULL = YES;
				CLANG_ANALYZER_NUMBER_OBJECT_CONVERSION = YES_AGGRESSIVE;
				CLANG_CXX_LANGUAGE_STANDARD = "gnu++14";
				CLANG_CXX_LIBRARY = "libc++";
				CLANG_ENABLE_MODULES = YES;
				CLANG_ENABLE_OBJC_ARC = YES;
				CLANG_ENABLE_OBJC_WEAK = YES;
				CLANG_WARN_BLOCK_CAPTURE_AUTORELEASING = YES;
				CLANG_WARN_BOOL_CONVERSION = YES;
				CLANG_WARN_COMMA = YES;
				CLANG_WARN_CONSTANT_CONVERSION = YES;
				CLANG_WARN_DEPRECATED_OBJC_IMPLEMENTATIONS = YES;
				CLANG_WARN_DIRECT_OBJC_ISA_USAGE = YES_ERROR;
				CLANG_WARN_DOCUMENTATION_COMMENTS = YES;
				CLANG_WARN_EMPTY_BODY = YES;
				CLANG_WARN_ENUM_CONVERSION = YES;
				CLANG_WARN_INFINITE_RECURSION = YES;
				CLANG_WARN_INT_CONVERSION = YES;
				CLANG_WARN_NON_LITERAL_NULL_CONVERSION = YES;
				CLANG_WARN_OBJC_IMPLICIT_RETAIN_SELF = YES;
				CLANG_WARN_OBJC_LITERAL_CONVERSION = YES;
				CLANG_WARN_OBJC_ROOT_CLASS = YES_ERROR;
				CLANG_WARN_QUOTED_INCLUDE_IN_FRAMEWORK_HEADER = YES;
				CLANG_WARN_RANGE_LOOP_ANALYSIS = YES;
				CLANG_WARN_STRICT_PROTOTYPES = YES;
				CLANG_WARN_SUSPICIOUS_MOVE = YES;
				CLANG_WARN_UNGUARDED_AVAILABILITY = YES_AGGRESSIVE;
				CLANG_WARN_UNREACHABLE_CODE = YES;
				CLANG_WARN__DUPLICATE_METHOD_MATCH = YES;
				COPY_PHASE_STRIP = NO;
				DEBUG_INFORMATION_FORMAT = "dwarf-with-dsym";
				ENABLE_NS_ASSERTIONS = NO;
				ENABLE_STRICT_OBJC_MSGSEND = YES;
				GCC_C_LANGUAGE_STANDARD = gnu11;
				GCC_NO_COMMON_BLOCKS = YES;
				GCC_WARN_64_TO_32_BIT_CONVERSION = YES;
				GCC_WARN_ABOUT_RETURN_TYPE = YES_ERROR;
				GCC_WARN_UNDECLARED_SELECTOR = YES;
				GCC_WARN_UNINITIALIZED_AUTOS = YES_AGGRESSIVE;
				GCC_WARN_UNUSED_FUNCTION = YES;
				GCC_WARN_UNUSED_VARIABLE = YES;
				IPHONEOS_DEPLOYMENT_TARGET = 14.3;
				MTL_ENABLE_DEBUG_INFO = NO;
				MTL_FAST_MATH = YES;
				SDKROOT = iphoneos;
				SWIFT_COMPILATION_MODE = wholemodule;
				SWIFT_OPTIMIZATION_LEVEL = "-O";
				VALIDATE_PRODUCT = YES;
			};
			name = Release;
		};
		049EC6DF25CAD1B5007736A8 /* Debug */ = {
			isa = XCBuildConfiguration;
			buildSettings = {
				ASSETCATALOG_COMPILER_APPICON_NAME = AppIcon;
				ASSETCATALOG_COMPILER_GLOBAL_ACCENT_COLOR_NAME = AccentColor;
				CODE_SIGN_STYLE = Automatic;
				DEVELOPMENT_TEAM = 9SHJMK4DK6;
				INFOPLIST_FILE = "AuthVC-StatusVC-Homework/Info.plist";
				LD_RUNPATH_SEARCH_PATHS = (
					"$(inherited)",
					"@executable_path/Frameworks",
				);
				PRODUCT_BUNDLE_IDENTIFIER = "my.personal-company.com.AuthVC-StatusVC-Homework";
				PRODUCT_NAME = "$(TARGET_NAME)";
				SWIFT_VERSION = 5.0;
				TARGETED_DEVICE_FAMILY = "1,2";
			};
			name = Debug;
		};
		049EC6E025CAD1B5007736A8 /* Release */ = {
			isa = XCBuildConfiguration;
			buildSettings = {
				ASSETCATALOG_COMPILER_APPICON_NAME = AppIcon;
				ASSETCATALOG_COMPILER_GLOBAL_ACCENT_COLOR_NAME = AccentColor;
				CODE_SIGN_STYLE = Automatic;
				DEVELOPMENT_TEAM = 9SHJMK4DK6;
				INFOPLIST_FILE = "AuthVC-StatusVC-Homework/Info.plist";
				LD_RUNPATH_SEARCH_PATHS = (
					"$(inherited)",
					"@executable_path/Frameworks",
				);
				PRODUCT_BUNDLE_IDENTIFIER = "my.personal-company.com.AuthVC-StatusVC-Homework";
				PRODUCT_NAME = "$(TARGET_NAME)";
				SWIFT_VERSION = 5.0;
				TARGETED_DEVICE_FAMILY = "1,2";
			};
			name = Release;
		};
/* End XCBuildConfiguration section */

/* Begin XCConfigurationList section */
		049EC6C525CAD1B0007736A8 /* Build configuration list for PBXProject "AuthVC-StatusVC-Homework" */ = {
			isa = XCConfigurationList;
			buildConfigurations = (
				049EC6DC25CAD1B5007736A8 /* Debug */,
				049EC6DD25CAD1B5007736A8 /* Release */,
			);
			defaultConfigurationIsVisible = 0;
			defaultConfigurationName = Release;
		};
		049EC6DE25CAD1B5007736A8 /* Build configuration list for PBXNativeTarget "AuthVC-StatusVC-Homework" */ = {
			isa = XCConfigurationList;
			buildConfigurations = (
				049EC6DF25CAD1B5007736A8 /* Debug */,
				049EC6E025CAD1B5007736A8 /* Release */,
			);
			defaultConfigurationIsVisible = 0;
			defaultConfigurationName = Release;
		};
/* End XCConfigurationList section */
	};
	rootObject = 049EC6C225CAD1B0007736A8 /* Project object */;
}
